# This file is automatically @generated by Cargo.
# It is not intended for manual editing.
version = 3

[[package]]
name = "demo"
version = "0.1.0"
dependencies = [
 "geoutils",
]

[[package]]
name = "geoutils"
version = "0.5.1"
source = "registry+https://github.com/rust-lang/crates.io-index"
checksum = "36d244a08113319b5ebcabad2b8b7925732d15eec46d7e7ac3c11734f3b7a6ad"
